Microsoft Visual Studio Solution File, Format Version 11.00
# Visual Studio 2010
Project("{2150E333-8FDC-42A3-9474-1A3956D46DE8}") = "00.Launcher Program", "00.Launcher Program", "{6CF48F85-BAA3-4C77-BF81-7AF4304CC21A}"
EndProject
Project("{2150E333-8FDC-42A3-9474-1A3956D46DE8}") = "10.NEXCORE Framework", "10.NEXCORE Framework", "{B65F23E1-A999-489A-B002-BB7A2E316B07}"
EndProject
Project("{2150E333-8FDC-42A3-9474-1A3956D46DE8}") = "20.Data Layer", "20.Data Layer", "{95ED104D-64DD-4D61-BE17-3D3BF948E442}"
EndProject
Project("{2150E333-8FDC-42A3-9474-1A3956D46DE8}") = "30.Business Layer", "30.Business Layer", "{19A732D5-5B84-4393-A8D4-C10FBF153304}"
EndProject
Project("{2150E333-8FDC-42A3-9474-1A3956D46DE8}") = "50.Service Layer", "50.Service Layer", "{BF0CEC2A-CDB3-4951-9631-9E9DB307D62E}"
EndProject
Project("{2150E333-8FDC-42A3-9474-1A3956D46DE8}") = "60.UI Layer", "60.UI Layer", "{B097A690-CD1C-4C32-8841-5DA29C431A8A}"
EndProject
Project("{2150E333-8FDC-42A3-9474-1A3956D46DE8}") = "70.External Library", "70.External Library", "{97BBB77E-4B81-47A0-BBB1-823291907559}"
EndProject
Project("{2150E333-8FDC-42A3-9474-1A3956D46DE8}") = "80.Docs", "80.Docs", "{1E7D52CD-E1A8-46AD-B760-CF588AA3CA65}"
EndProject
Project("{FAE04EC0-301F-11D3-BF4B-00C04F79EFBC}") = "NEXCORE.Common", "10.NEXCORE Framework\NEXCORE.Common\NEXCORE.Common.csproj", "{6BD5CA04-6F78-47E8-999A-B66B5DFE68A1}"
EndProject
Project("{FAE04EC0-301F-11D3-BF4B-00C04F79EFBC}") = "NEXCORE.Common.Data", "10.NEXCORE Framework\NEXCORE.Common.Data\NEXCORE.Common.Data.csproj", "{856C3651-A414-4AEC-916D-6C5840510C53}"
EndProject
Project("{FAE04EC0-301F-11D3-BF4B-00C04F79EFBC}") = "NEXCORE.Components.ComponentManager", "10.NEXCORE Framework\NEXCORE.Components.ComponentManager\NEXCORE.Components.ComponentManager.csproj", "{BE4ECE68-5EF9-49BB-81BF-20849CAC032C}"
EndProject
Project("{FAE04EC0-301F-11D3-BF4B-00C04F79EFBC}") = "NEXCORE.Interfaces", "10.NEXCORE Framework\NEXCORE.Interfaces\NEXCORE.Interfaces.csproj", "{B000EF90-E86D-4197-A7E0-AB8461844F39}"
EndProject
Project("{FAE04EC0-301F-11D3-BF4B-00C04F79EFBC}") = "NEXCORE.Utility", "10.NEXCORE Framework\NEXCORE.Utility\NEXCORE.Utility.csproj", "{6AD57289-F5AC-4D47-B81E-B9DD7702BCBF}"
EndProject
Project("{2150E333-8FDC-42A3-9474-1A3956D46DE8}") = "40.Interface Layer", "40.Interface Layer", "{76FECD2C-4A09-4244-AE9D-185045796616}"
EndProject
Project("{FAE04EC0-301F-11D3-BF4B-00C04F79EFBC}") = "NEXCORE.Service", "50.Service Layer\SK.WMS.Service\NEXCORE.Service.csproj", "{FCD1D400-1E40-4D9C-BD06-E358ACAE291C}"
EndProject
Project("{FAE04EC0-301F-11D3-BF4B-00C04F79EFBC}") = "NEXCORE.Service.ServiceManager", "50.Service Layer\SK.WMS.Service.ServiceManager\NEXCORE.Service.ServiceManager.csproj", "{E379ABCC-276D-449D-827F-A5B83BD10B29}"
	ProjectSection(ProjectDependencies) = postProject
		{FCD1D400-1E40-4D9C-BD06-E358ACAE291C} = {FCD1D400-1E40-4D9C-BD06-E358ACAE291C}
	EndProjectSection
EndProject
Project("{FAE04EC0-301F-11D3-BF4B-00C04F79EFBC}") = "SK.WMS.WinControls", "10.NEXCORE Framework\SK.WMS.WinControls\SK.WMS.WinControls.csproj", "{0BDFA583-7E68-4FD2-922E-9B3D9FB8F713}"
EndProject
Project("{FAE04EC0-301F-11D3-BF4B-00C04F79EFBC}") = "SK.WMS.Common.Dac", "20.Data Layer\SK.WMS.Common.Dac\SK.WMS.Common.Dac.csproj", "{ACD48103-D5F3-4602-AFFC-44559D585657}"
EndProject
Project("{FAE04EC0-301F-11D3-BF4B-00C04F79EFBC}") = "SK.WMS.Common.Biz", "30.Business Layer\SK.WMS.Common.Biz\SK.WMS.Common.Biz.csproj", "{B189E8CE-66C0-4B18-94B5-E02395502EBA}"
EndProject
Project("{FAE04EC0-301F-11D3-BF4B-00C04F79EFBC}") = "SK.WMS.Launcher", "00.Launcher Program\SK.WMS.Launcher\SK.WMS.Launcher.csproj", "{3A0A6793-10C7-4B8B-89E8-BCE64B5AAFC3}"
EndProject
Project("{FAE04EC0-301F-11D3-BF4B-00C04F79EFBC}") = "NEXCORE.Components.AuthorityManager", "10.NEXCORE Framework\NEXCORE.Components.AuthorityManager\NEXCORE.Components.AuthorityManager.csproj", "{41E6A1EE-860C-4AEF-B876-1BF05978C39A}"
EndProject
Project("{FAE04EC0-301F-11D3-BF4B-00C04F79EFBC}") = "NEXCORE.Components.CodeManager", "10.NEXCORE Framework\NEXCORE.Components.CodeManager\NEXCORE.Components.CodeManager.csproj", "{4DA27020-C61D-4E86-A08F-D0D7A6DC2E66}"
EndProject
Project("{FAE04EC0-301F-11D3-BF4B-00C04F79EFBC}") = "NEXCORE.Components.FormManager", "10.NEXCORE Framework\NEXCORE.Components.FormManager\NEXCORE.Components.FormManager.csproj", "{4780974E-DABA-45E3-AEE6-C9E76640237F}"
EndProject
Project("{FAE04EC0-301F-11D3-BF4B-00C04F79EFBC}") = "NEXCORE.Components.MenuManager", "10.NEXCORE Framework\NEXCORE.Components.MenuManager\NEXCORE.Components.MenuManager.csproj", "{CA8D1B5D-67C1-441A-A0C0-E3F1A52BDD73}"
EndProject
Project("{FAE04EC0-301F-11D3-BF4B-00C04F79EFBC}") = "NEXCORE.Components.MessageManager", "10.NEXCORE Framework\NEXCORE.Components.MessageManager\NEXCORE.Components.MessageManager.csproj", "{AB6E655C-8AC3-463F-A94E-0DAAF2290965}"
EndProject
Project("{FAE04EC0-301F-11D3-BF4B-00C04F79EFBC}") = "NEXCORE.Components.ProgramManager", "10.NEXCORE Framework\NEXCORE.Components.ProgramManager\NEXCORE.Components.ProgramManager.csproj", "{EBEF6909-BD0F-4EAA-98E9-E011C3774E19}"
EndProject
Project("{FAE04EC0-301F-11D3-BF4B-00C04F79EFBC}") = "NEXCORE.Components.UserManager", "10.NEXCORE Framework\NEXCORE.Components.UserManager\NEXCORE.Components.UserManager.csproj", "{C86E54DA-9C27-4AA0-BA40-8415C001EB2C}"
EndProject
Project("{FAE04EC0-301F-11D3-BF4B-00C04F79EFBC}") = "SK.WMS.SM.UI", "60.UI Layer\SK.WMS.SM.UI\SK.WMS.SM.UI.csproj", "{5A3D0473-B2E0-481A-8106-354092E451F5}"
EndProject
Project("{FAE04EC0-301F-11D3-BF4B-00C04F79EFBC}") = "SK.WMS.TEMP.UI", "60.UI Layer\SK.WMS.TEMP.UI\SK.WMS.TEMP.UI.csproj", "{549DFA5F-0D29-41E9-90C8-812FAEABEA96}"
EndProject
Project("{FAE04EC0-301F-11D3-BF4B-00C04F79EFBC}") = "SK.WMS.INV20.INB.UI", "60.UI Layer\SK.WMS.INV20.INB.UI\SK.WMS.INV20.INB.UI.csproj", "{6C24FB7A-D491-4C84-A185-977771266DF9}"
EndProject
Project("{FAE04EC0-301F-11D3-BF4B-00C04F79EFBC}") = "SK.WMS.INV30.OUB.UI", "60.UI Layer\SK.WMS.INV30.OUB.UI\SK.WMS.INV30.OUB.UI.csproj", "{4268FD64-590F-416E-8EC1-D00A1C7D99CB}"
EndProject
Project("{FAE04EC0-301F-11D3-BF4B-00C04F79EFBC}") = "SK.WMS.INV40.MNG.UI", "60.UI Layer\SK.WMS.INV40.MNG.UI\SK.WMS.INV40.MNG.UI.csproj", "{DE7FB84C-92E9-4961-B2D5-F73545BB8270}"
EndProject
Project("{FAE04EC0-301F-11D3-BF4B-00C04F79EFBC}") = "SK.WMS.INV50.CON.UI", "60.UI Layer\SK.WMS.INV50.CON.UI\SK.WMS.INV50.CON.UI.csproj", "{ECA49759-98EE-4C42-A87C-DFDB6DBE8BFA}"
EndProject
Project("{FAE04EC0-301F-11D3-BF4B-00C04F79EFBC}") = "SK.WMS.INV60.CLS.UI", "60.UI Layer\SK.WMS.INV60.CLS.UI\SK.WMS.INV60.CLS.UI.csproj", "{916C1DDD-6C1E-4341-95C8-E4F667959F28}"
EndProject
Project("{FAE04EC0-301F-11D3-BF4B-00C04F79EFBC}") = "SK.WMS.INV10.MST.UI", "60.UI Layer\SK.WMS.INV10.MST.UI\SK.WMS.INV10.MST.UI.csproj", "{6E9D24C4-014B-4313-82A9-834734EEB5AF}"
EndProject
Project("{FAE04EC0-301F-11D3-BF4B-00C04F79EFBC}") = "SK.WMS.INV10.MST.Dac", "20.Data Layer\SK.WMS.INV10.MST.DAC\SK.WMS.INV10.MST.Dac.csproj", "{911E7FC8-0554-4CE9-9791-F666A5BDCCFC}"
EndProject
Project("{FAE04EC0-301F-11D3-BF4B-00C04F79EFBC}") = "SK.WMS.INV20.INB.Dac", "20.Data Layer\SK.WMS.INV20.INB.Dac\SK.WMS.INV20.INB.Dac.csproj", "{9091F14C-8B84-446B-8890-60278D1DF801}"
EndProject
Project("{FAE04EC0-301F-11D3-BF4B-00C04F79EFBC}") = "SK.WMS.INV30.OUB.Dac", "20.Data Layer\SK.WMS.INV30.OUB.Dac\SK.WMS.INV30.OUB.Dac.csproj", "{30219C4E-86EF-499E-9BF1-B346668A6AC4}"
EndProject
Project("{FAE04EC0-301F-11D3-BF4B-00C04F79EFBC}") = "SK.WMS.INV20.INB.Biz", "30.Business Layer\SK.WMS.INV20.INB.Biz\SK.WMS.INV20.INB.Biz.csproj", "{D3160F21-7028-4E92-A2A1-A65FB4F7D754}"
EndProject
Project("{FAE04EC0-301F-11D3-BF4B-00C04F79EFBC}") = "SK.WMS.INV40.MNG.Dac", "20.Data Layer\SK.WMS.INV40.MNG.Dac\MNG4010\SK.WMS.INV40.MNG.Dac.csproj", "{9EBE1663-8581-429D-B7DF-B5E101D2C411}"
EndProject
Project("{FAE04EC0-301F-11D3-BF4B-00C04F79EFBC}") = "SK.WMS.INV50.CON.Dac", "20.Data Layer\SK.WMS.INV50.CON.Dac\SK.WMS.INV50.CON.Dac\SK.WMS.INV50.CON.Dac.csproj", "{8BB27CC2-D8A8-409B-AE4F-CFE4565E16B0}"
EndProject
Project("{FAE04EC0-301F-11D3-BF4B-00C04F79EFBC}") = "SK.WMS.INV60.CLS.Dac", "20.Data Layer\SK.WMS.INV60.CLS.Dac\SK.WMS.INV60.CLS.Dac\SK.WMS.INV60.CLS.Dac.csproj", "{0E935862-DBC9-419D-9ECB-09C31FD296E3}"
EndProject
Project("{FAE04EC0-301F-11D3-BF4B-00C04F79EFBC}") = "SK.WMS.INV10.MST.Biz", "30.Business Layer\SK.WMS.INV10.MST.Biz\SK.WMS.INV10.MST.Biz\SK.WMS.INV10.MST.Biz.csproj", "{E76B1B42-25CF-4D83-9D75-C805AF15113B}"
EndProject
Project("{FAE04EC0-301F-11D3-BF4B-00C04F79EFBC}") = "SK.WMS.INV30.OUB.Biz", "30.Business Layer\SK.WMS.INV30.OUB.Biz\SK.WMS.INV30.OUB.Biz\SK.WMS.INV30.OUB.Biz.csproj", "{2D7E2CDC-5806-4FC5-BAB5-0DA97BE27D1A}"
EndProject
Project("{FAE04EC0-301F-11D3-BF4B-00C04F79EFBC}") = "SK.WMS.INV40.MNG.Biz", "30.Business Layer\SK.WMS.INV40.MNG.Biz\SK.WMS.INV40.MNG.Biz\SK.WMS.INV40.MNG.Biz.csproj", "{CB004356-8B89-421E-A755-6EF00A1A8D88}"
EndProject
Project("{FAE04EC0-301F-11D3-BF4B-00C04F79EFBC}") = "SK.WMS.INV50.CON.Biz", "30.Business Layer\SK.WMS.INV50.CON.Biz\SK.WMS.INV50.CON.Biz\SK.WMS.INV50.CON.Biz.csproj", "{5E53F37A-293A-444C-AE35-F549B7E7D185}"
EndProject
Project("{FAE04EC0-301F-11D3-BF4B-00C04F79EFBC}") = "SK.WMS.INV60.CLS.Biz", "30.Business Layer\SK.WMS.INV60.CLS.Biz\SK.WMS.INV60.CLS.Biz\SK.WMS.INV60.CLS.Biz.csproj", "{E633A52D-53AD-48E0-AD61-2DF44ECD1A83}"
EndProject
Global
	GlobalSection(SourceCodeControl) = preSolution
		SccNumberOfProjects = 39
		SccLocalPath0 = .
		SccProjectUniqueName1 = 00.Launcher\u0020Program\\SK.WMS.Launcher\\SK.WMS.Launcher.csproj
		SccProjectTopLevelParentUniqueName1 = SK.WMS.sln
		SccLocalPath1 = .
		SccProjectFilePathRelativizedFromConnection1 = 00.Launcher\u0020Program\\SK.WMS.Launcher\\
		SccProjectUniqueName2 = 10.NEXCORE\u0020Framework\\NEXCORE.Common.Data\\NEXCORE.Common.Data.csproj
		SccProjectTopLevelParentUniqueName2 = SK.WMS.sln
		SccLocalPath2 = .
		SccProjectFilePathRelativizedFromConnection2 = 10.NEXCORE\u0020Framework\\NEXCORE.Common.Data\\
		SccProjectUniqueName3 = 10.NEXCORE\u0020Framework\\NEXCORE.Common\\NEXCORE.Common.csproj
		SccProjectTopLevelParentUniqueName3 = SK.WMS.sln
		SccLocalPath3 = .
		SccProjectFilePathRelativizedFromConnection3 = 10.NEXCORE\u0020Framework\\NEXCORE.Common\\
		SccProjectUniqueName4 = 10.NEXCORE\u0020Framework\\NEXCORE.Components.AuthorityManager\\NEXCORE.Components.AuthorityManager.csproj
		SccProjectTopLevelParentUniqueName4 = SK.WMS.sln
		SccLocalPath4 = .
		SccProjectFilePathRelativizedFromConnection4 = 10.NEXCORE\u0020Framework\\NEXCORE.Components.AuthorityManager\\
		SccProjectUniqueName5 = 10.NEXCORE\u0020Framework\\NEXCORE.Components.CodeManager\\NEXCORE.Components.CodeManager.csproj
		SccProjectTopLevelParentUniqueName5 = SK.WMS.sln
		SccLocalPath5 = .
		SccProjectFilePathRelativizedFromConnection5 = 10.NEXCORE\u0020Framework\\NEXCORE.Components.CodeManager\\
		SccProjectUniqueName6 = 10.NEXCORE\u0020Framework\\NEXCORE.Components.ComponentManager\\NEXCORE.Components.ComponentManager.csproj
		SccProjectTopLevelParentUniqueName6 = SK.WMS.sln
		SccLocalPath6 = .
		SccProjectFilePathRelativizedFromConnection6 = 10.NEXCORE\u0020Framework\\NEXCORE.Components.ComponentManager\\
		SccProjectUniqueName7 = 10.NEXCORE\u0020Framework\\NEXCORE.Components.FormManager\\NEXCORE.Components.FormManager.csproj
		SccProjectTopLevelParentUniqueName7 = SK.WMS.sln
		SccLocalPath7 = .
		SccProjectFilePathRelativizedFromConnection7 = 10.NEXCORE\u0020Framework\\NEXCORE.Components.FormManager\\
		SccProjectUniqueName8 = 10.NEXCORE\u0020Framework\\NEXCORE.Components.MenuManager\\NEXCORE.Components.MenuManager.csproj
		SccProjectTopLevelParentUniqueName8 = SK.WMS.sln
		SccLocalPath8 = .
		SccProjectFilePathRelativizedFromConnection8 = 10.NEXCORE\u0020Framework\\NEXCORE.Components.MenuManager\\
		SccProjectUniqueName9 = 10.NEXCORE\u0020Framework\\NEXCORE.Components.MessageManager\\NEXCORE.Components.MessageManager.csproj
		SccProjectTopLevelParentUniqueName9 = SK.WMS.sln
		SccLocalPath9 = .
		SccProjectFilePathRelativizedFromConnection9 = 10.NEXCORE\u0020Framework\\NEXCORE.Components.MessageManager\\
		SccProjectUniqueName10 = 10.NEXCORE\u0020Framework\\NEXCORE.Components.ProgramManager\\NEXCORE.Components.ProgramManager.csproj
		SccProjectTopLevelParentUniqueName10 = SK.WMS.sln
		SccLocalPath10 = .
		SccProjectFilePathRelativizedFromConnection10 = 10.NEXCORE\u0020Framework\\NEXCORE.Components.ProgramManager\\
		SccProjectUniqueName11 = 10.NEXCORE\u0020Framework\\NEXCORE.Components.UserManager\\NEXCORE.Components.UserManager.csproj
		SccProjectTopLevelParentUniqueName11 = SK.WMS.sln
		SccLocalPath11 = .
		SccProjectFilePathRelativizedFromConnection11 = 10.NEXCORE\u0020Framework\\NEXCORE.Components.UserManager\\
		SccProjectUniqueName12 = 10.NEXCORE\u0020Framework\\NEXCORE.Interfaces\\NEXCORE.Interfaces.csproj
		SccProjectTopLevelParentUniqueName12 = SK.WMS.sln
		SccLocalPath12 = .
		SccProjectFilePathRelativizedFromConnection12 = 10.NEXCORE\u0020Framework\\NEXCORE.Interfaces\\
		SccProjectUniqueName13 = 10.NEXCORE\u0020Framework\\NEXCORE.Utility\\NEXCORE.Utility.csproj
		SccProjectTopLevelParentUniqueName13 = SK.WMS.sln
		SccLocalPath13 = .
		SccProjectFilePathRelativizedFromConnection13 = 10.NEXCORE\u0020Framework\\NEXCORE.Utility\\
		SccProjectUniqueName14 = 10.NEXCORE\u0020Framework\\SK.WMS.WinControls\\SK.WMS.WinControls.csproj
		SccProjectTopLevelParentUniqueName14 = SK.WMS.sln
		SccLocalPath14 = .
		SccProjectFilePathRelativizedFromConnection14 = 10.NEXCORE\u0020Framework\\SK.WMS.WinControls\\
		SccProjectUniqueName15 = 20.Data\u0020Layer\\SK.WMS.Common.Dac\\SK.WMS.Common.Dac.csproj
		SccProjectTopLevelParentUniqueName15 = SK.WMS.sln
		SccLocalPath15 = .
		SccProjectFilePathRelativizedFromConnection15 = 20.Data\u0020Layer\\SK.WMS.Common.Dac\\
		SccProjectUniqueName16 = 30.Business\u0020Layer\\SK.WMS.Common.Biz\\SK.WMS.Common.Biz.csproj
		SccProjectTopLevelParentUniqueName16 = SK.WMS.sln
		SccLocalPath16 = .
		SccProjectFilePathRelativizedFromConnection16 = 30.Business\u0020Layer\\SK.WMS.Common.Biz\\
		SccProjectUniqueName17 = 50.Service\u0020Layer\\SK.WMS.Service.ServiceManager\\NEXCORE.Service.ServiceManager.csproj
		SccProjectTopLevelParentUniqueName17 = SK.WMS.sln
		SccLocalPath17 = .
		SccProjectFilePathRelativizedFromConnection17 = 50.Service\u0020Layer\\SK.WMS.Service.ServiceManager\\
		SccProjectUniqueName18 = 50.Service\u0020Layer\\SK.WMS.Service\\NEXCORE.Service.csproj
		SccProjectTopLevelParentUniqueName18 = SK.WMS.sln
		SccLocalPath18 = .
		SccProjectFilePathRelativizedFromConnection18 = 50.Service\u0020Layer\\SK.WMS.Service\\
		SccProjectUniqueName19 = 60.UI\u0020Layer\\SK.WMS.SM.UI\\SK.WMS.SM.UI.csproj
		SccProjectTopLevelParentUniqueName19 = SK.WMS.sln
		SccLocalPath19 = .
		SccProjectFilePathRelativizedFromConnection19 = 60.UI\u0020Layer\\SK.WMS.SM.UI\\
		SccProjectUniqueName20 = 60.UI\u0020Layer\\SK.WMS.TEMP.UI\\SK.WMS.TEMP.UI.csproj
		SccProjectTopLevelParentUniqueName20 = SK.WMS.sln
		SccLocalPath20 = .
		SccProjectFilePathRelativizedFromConnection20 = 60.UI\u0020Layer\\SK.WMS.TEMP.UI\\
		SccProjectUniqueName21 = 60.UI\u0020Layer\\SK.WMS.INV20.INB.UI\\SK.WMS.INV20.INB.UI.csproj
		SccProjectTopLevelParentUniqueName21 = SK.WMS.sln
		SccLocalPath21 = .
		SccProjectFilePathRelativizedFromConnection21 = 60.UI\u0020Layer\\SK.WMS.INV20.INB.UI\\
		SccProjectUniqueName22 = 60.UI\u0020Layer\\SK.WMS.INV60.CLS.UI\\SK.WMS.INV60.CLS.UI.csproj
		SccProjectTopLevelParentUniqueName22 = SK.WMS.sln
		SccLocalPath22 = .
		SccProjectFilePathRelativizedFromConnection22 = 60.UI\u0020Layer\\SK.WMS.INV60.CLS.UI\\
		SccProjectUniqueName23 = 60.UI\u0020Layer\\SK.WMS.INV30.OUB.UI\\SK.WMS.INV30.OUB.UI.csproj
		SccProjectTopLevelParentUniqueName23 = SK.WMS.sln
		SccLocalPath23 = .
		SccProjectFilePathRelativizedFromConnection23 = 60.UI\u0020Layer\\SK.WMS.INV30.OUB.UI\\
		SccProjectUniqueName24 = 60.UI\u0020Layer\\SK.WMS.INV40.MNG.UI\\SK.WMS.INV40.MNG.UI.csproj
		SccProjectTopLevelParentUniqueName24 = SK.WMS.sln
		SccLocalPath24 = .
		SccProjectFilePathRelativizedFromConnection24 = 60.UI\u0020Layer\\SK.WMS.INV40.MNG.UI\\
		SccProjectUniqueName25 = 60.UI\u0020Layer\\SK.WMS.INV50.CON.UI\\SK.WMS.INV50.CON.UI.csproj
		SccProjectTopLevelParentUniqueName25 = SK.WMS.sln
		SccLocalPath25 = .
		SccProjectFilePathRelativizedFromConnection25 = 60.UI\u0020Layer\\SK.WMS.INV50.CON.UI\\
		SccProjectUniqueName26 = 60.UI\u0020Layer\\SK.WMS.INV10.MST.UI\\SK.WMS.INV10.MST.UI.csproj
		SccProjectTopLevelParentUniqueName26 = SK.WMS.sln
		SccLocalPath26 = .
		SccProjectFilePathRelativizedFromConnection26 = 60.UI\u0020Layer\\SK.WMS.INV10.MST.UI\\
		SccProjectUniqueName27 = 20.Data\u0020Layer\\SK.WMS.INV10.MST.DAC\\SK.WMS.INV10.MST.Dac.csproj
		SccProjectTopLevelParentUniqueName27 = SK.WMS.sln
		SccLocalPath27 = .
		SccProjectFilePathRelativizedFromConnection27 = 20.Data\u0020Layer\\SK.WMS.INV10.MST.DAC\\
		SccProjectUniqueName28 = 20.Data\u0020Layer\\SK.WMS.INV20.INB.Dac\\SK.WMS.INV20.INB.Dac.csproj
		SccProjectTopLevelParentUniqueName28 = SK.WMS.sln
		SccLocalPath28 = .
		SccProjectFilePathRelativizedFromConnection28 = 20.Data\u0020Layer\\SK.WMS.INV20.INB.Dac\\
		SccProjectUniqueName29 = 20.Data\u0020Layer\\SK.WMS.INV30.OUB.Dac\\SK.WMS.INV30.OUB.Dac.csproj
		SccProjectTopLevelParentUniqueName29 = SK.WMS.sln
		SccLocalPath29 = .
		SccProjectFilePathRelativizedFromConnection29 = 20.Data\u0020Layer\\SK.WMS.INV30.OUB.Dac\\
		SccProjectUniqueName30 = 30.Business\u0020Layer\\SK.WMS.INV20.INB.Biz\\SK.WMS.INV20.INB.Biz.csproj
		SccProjectTopLevelParentUniqueName30 = SK.WMS.sln
		SccLocalPath30 = .
		SccProjectFilePathRelativizedFromConnection30 = 30.Business\u0020Layer\\SK.WMS.INV20.INB.Biz\\
		SccProjectUniqueName31 = 20.Data\u0020Layer\\SK.WMS.INV60.CLS.Dac\\SK.WMS.INV60.CLS.Dac\\SK.WMS.INV60.CLS.Dac.csproj
		SccProjectTopLevelParentUniqueName31 = SK.WMS.sln
		SccLocalPath31 = .
		SccProjectFilePathRelativizedFromConnection31 = 20.Data\u0020Layer\\SK.WMS.INV60.CLS.Dac\\SK.WMS.INV60.CLS.Dac\\
		SccProjectUniqueName32 = 20.Data\u0020Layer\\SK.WMS.INV40.MNG.Dac\\MNG4010\\SK.WMS.INV40.MNG.Dac.csproj
		SccProjectTopLevelParentUniqueName32 = SK.WMS.sln
		SccLocalPath32 = .
		SccProjectFilePathRelativizedFromConnection32 = 20.Data\u0020Layer\\SK.WMS.INV40.MNG.Dac\\MNG4010\\
		SccProjectUniqueName33 = 20.Data\u0020Layer\\SK.WMS.INV50.CON.Dac\\SK.WMS.INV50.CON.Dac\\SK.WMS.INV50.CON.Dac.csproj
		SccProjectTopLevelParentUniqueName33 = SK.WMS.sln
		SccLocalPath33 = .
		SccProjectFilePathRelativizedFromConnection33 = 20.Data\u0020Layer\\SK.WMS.INV50.CON.Dac\\SK.WMS.INV50.CON.Dac\\
		SccProjectUniqueName34 = 30.Business\u0020Layer\\SK.WMS.INV10.MST.Biz\\SK.WMS.INV10.MST.Biz\\SK.WMS.INV10.MST.Biz.csproj
		SccProjectTopLevelParentUniqueName34 = SK.WMS.sln
		SccLocalPath34 = .
		SccProjectFilePathRelativizedFromConnection34 = 30.Business\u0020Layer\\SK.WMS.INV10.MST.Biz\\SK.WMS.INV10.MST.Biz\\
		SccProjectUniqueName35 = 30.Business\u0020Layer\\SK.WMS.INV30.OUB.Biz\\SK.WMS.INV30.OUB.Biz\\SK.WMS.INV30.OUB.Biz.csproj
		SccProjectTopLevelParentUniqueName35 = SK.WMS.sln
		SccLocalPath35 = .
		SccProjectFilePathRelativizedFromConnection35 = 30.Business\u0020Layer\\SK.WMS.INV30.OUB.Biz\\SK.WMS.INV30.OUB.Biz\\
		SccProjectUniqueName36 = 30.Business\u0020Layer\\SK.WMS.INV40.MNG.Biz\\SK.WMS.INV40.MNG.Biz\\SK.WMS.INV40.MNG.Biz.csproj
		SccProjectTopLevelParentUniqueName36 = SK.WMS.sln
		SccLocalPath36 = .
		SccProjectFilePathRelativizedFromConnection36 = 30.Business\u0020Layer\\SK.WMS.INV40.MNG.Biz\\SK.WMS.INV40.MNG.Biz\\
		SccProjectUniqueName37 = 30.Business\u0020Layer\\SK.WMS.INV50.CON.Biz\\SK.WMS.INV50.CON.Biz\\SK.WMS.INV50.CON.Biz.csproj
		SccProjectTopLevelParentUniqueName37 = SK.WMS.sln
		SccLocalPath37 = .
		SccProjectFilePathRelativizedFromConnection37 = 30.Business\u0020Layer\\SK.WMS.INV50.CON.Biz\\SK.WMS.INV50.CON.Biz\\
		SccProjectUniqueName38 = 30.Business\u0020Layer\\SK.WMS.INV60.CLS.Biz\\SK.WMS.INV60.CLS.Biz\\SK.WMS.INV60.CLS.Biz.csproj
		SccProjectTopLevelParentUniqueName38 = SK.WMS.sln
		SccLocalPath38 = .
		SccProjectFilePathRelativizedFromConnection38 = 30.Business\u0020Layer\\SK.WMS.INV60.CLS.Biz\\SK.WMS.INV60.CLS.Biz\\
	EndGlobalSection
	GlobalSection(SolutionConfigurationPlatforms) = preSolution
		Debug|Any CPU = Debug|Any CPU
		Debug|Mixed Platforms = Debug|Mixed Platforms
		Debug|x86 = Debug|x86
		Release|Any CPU = Release|Any CPU
		Release|Mixed Platforms = Release|Mixed Platforms
		Release|x86 = Release|x86
	EndGlobalSection
	GlobalSection(ProjectConfigurationPlatforms) = postSolution
		{6BD5CA04-6F78-47E8-999A-B66B5DFE68A1}.Debug|Any CPU.ActiveCfg = Debug|Any CPU
		{6BD5CA04-6F78-47E8-999A-B66B5DFE68A1}.Debug|Any CPU.Build.0 = Debug|Any CPU
		{6BD5CA04-6F78-47E8-999A-B66B5DFE68A1}.Debug|Mixed Platforms.ActiveCfg = Debug|Any CPU
		{6BD5CA04-6F78-47E8-999A-B66B5DFE68A1}.Debug|Mixed Platforms.Build.0 = Debug|Any CPU
		{6BD5CA04-6F78-47E8-999A-B66B5DFE68A1}.Debug|x86.ActiveCfg = Debug|Any CPU
		{6BD5CA04-6F78-47E8-999A-B66B5DFE68A1}.Release|Any CPU.ActiveCfg = Release|Any CPU
		{6BD5CA04-6F78-47E8-999A-B66B5DFE68A1}.Release|Any CPU.Build.0 = Release|Any CPU
		{6BD5CA04-6F78-47E8-999A-B66B5DFE68A1}.Release|Mixed Platforms.ActiveCfg = Release|Any CPU
		{6BD5CA04-6F78-47E8-999A-B66B5DFE68A1}.Release|Mixed Platforms.Build.0 = Release|Any CPU
		{6BD5CA04-6F78-47E8-999A-B66B5DFE68A1}.Release|x86.ActiveCfg = Release|Any CPU
		{856C3651-A414-4AEC-916D-6C5840510C53}.Debug|Any CPU.ActiveCfg = Debug|Any CPU
		{856C3651-A414-4AEC-916D-6C5840510C53}.Debug|Any CPU.Build.0 = Debug|Any CPU
		{856C3651-A414-4AEC-916D-6C5840510C53}.Debug|Mixed Platforms.ActiveCfg = Debug|Any CPU
		{856C3651-A414-4AEC-916D-6C5840510C53}.Debug|Mixed Platforms.Build.0 = Debug|Any CPU
		{856C3651-A414-4AEC-916D-6C5840510C53}.Debug|x86.ActiveCfg = Debug|Any CPU
		{856C3651-A414-4AEC-916D-6C5840510C53}.Release|Any CPU.ActiveCfg = Release|Any CPU
		{856C3651-A414-4AEC-916D-6C5840510C53}.Release|Any CPU.Build.0 = Release|Any CPU
		{856C3651-A414-4AEC-916D-6C5840510C53}.Release|Mixed Platforms.ActiveCfg = Release|Any CPU
		{856C3651-A414-4AEC-916D-6C5840510C53}.Release|Mixed Platforms.Build.0 = Release|Any CPU
		{856C3651-A414-4AEC-916D-6C5840510C53}.Release|x86.ActiveCfg = Release|Any CPU
		{BE4ECE68-5EF9-49BB-81BF-20849CAC032C}.Debug|Any CPU.ActiveCfg = Debug|Any CPU
		{BE4ECE68-5EF9-49BB-81BF-20849CAC032C}.Debug|Any CPU.Build.0 = Debug|Any CPU
		{BE4ECE68-5EF9-49BB-81BF-20849CAC032C}.Debug|Mixed Platforms.ActiveCfg = Debug|Any CPU
		{BE4ECE68-5EF9-49BB-81BF-20849CAC032C}.Debug|Mixed Platforms.Build.0 = Debug|Any CPU
		{BE4ECE68-5EF9-49BB-81BF-20849CAC032C}.Debug|x86.ActiveCfg = Debug|Any CPU
		{BE4ECE68-5EF9-49BB-81BF-20849CAC032C}.Release|Any CPU.ActiveCfg = Release|Any CPU
		{BE4ECE68-5EF9-49BB-81BF-20849CAC032C}.Release|Any CPU.Build.0 = Release|Any CPU
		{BE4ECE68-5EF9-49BB-81BF-20849CAC032C}.Release|Mixed Platforms.ActiveCfg = Release|Any CPU
		{BE4ECE68-5EF9-49BB-81BF-20849CAC032C}.Release|Mixed Platforms.Build.0 = Release|Any CPU
		{BE4ECE68-5EF9-49BB-81BF-20849CAC032C}.Release|x86.ActiveCfg = Release|Any CPU
		{B000EF90-E86D-4197-A7E0-AB8461844F39}.Debug|Any CPU.ActiveCfg = Debug|Any CPU
		{B000EF90-E86D-4197-A7E0-AB8461844F39}.Debug|Any CPU.Build.0 = Debug|Any CPU
		{B000EF90-E86D-4197-A7E0-AB8461844F39}.Debug|Mixed Platforms.ActiveCfg = Debug|Any CPU
		{B000EF90-E86D-4197-A7E0-AB8461844F39}.Debug|Mixed Platforms.Build.0 = Debug|Any CPU
		{B000EF90-E86D-4197-A7E0-AB8461844F39}.Debug|x86.ActiveCfg = Debug|Any CPU
		{B000EF90-E86D-4197-A7E0-AB8461844F39}.Release|Any CPU.ActiveCfg = Release|Any CPU
		{B000EF90-E86D-4197-A7E0-AB8461844F39}.Release|Any CPU.Build.0 = Release|Any CPU
		{B000EF90-E86D-4197-A7E0-AB8461844F39}.Release|Mixed Platforms.ActiveCfg = Release|Any CPU
		{B000EF90-E86D-4197-A7E0-AB8461844F39}.Release|Mixed Platforms.Build.0 = Release|Any CPU
		{B000EF90-E86D-4197-A7E0-AB8461844F39}.Release|x86.ActiveCfg = Release|Any CPU
		{6AD57289-F5AC-4D47-B81E-B9DD7702BCBF}.Debug|Any CPU.ActiveCfg = Debug|Any CPU
		{6AD57289-F5AC-4D47-B81E-B9DD7702BCBF}.Debug|Any CPU.Build.0 = Debug|Any CPU
		{6AD57289-F5AC-4D47-B81E-B9DD7702BCBF}.Debug|Mixed Platforms.ActiveCfg = Debug|Any CPU
		{6AD57289-F5AC-4D47-B81E-B9DD7702BCBF}.Debug|Mixed Platforms.Build.0 = Debug|Any CPU
		{6AD57289-F5AC-4D47-B81E-B9DD7702BCBF}.Debug|x86.ActiveCfg = Debug|Any CPU
		{6AD57289-F5AC-4D47-B81E-B9DD7702BCBF}.Release|Any CPU.ActiveCfg = Release|Any CPU
		{6AD57289-F5AC-4D47-B81E-B9DD7702BCBF}.Release|Any CPU.Build.0 = Release|Any CPU
		{6AD57289-F5AC-4D47-B81E-B9DD7702BCBF}.Release|Mixed Platforms.ActiveCfg = Release|Any CPU
		{6AD57289-F5AC-4D47-B81E-B9DD7702BCBF}.Release|Mixed Platforms.Build.0 = Release|Any CPU
		{6AD57289-F5AC-4D47-B81E-B9DD7702BCBF}.Release|x86.ActiveCfg = Release|Any CPU
		{FCD1D400-1E40-4D9C-BD06-E358ACAE291C}.Debug|Any CPU.ActiveCfg = Debug|Any CPU
		{FCD1D400-1E40-4D9C-BD06-E358ACAE291C}.Debug|Any CPU.Build.0 = Debug|Any CPU
		{FCD1D400-1E40-4D9C-BD06-E358ACAE291C}.Debug|Mixed Platforms.ActiveCfg = Debug|Any CPU
		{FCD1D400-1E40-4D9C-BD06-E358ACAE291C}.Debug|Mixed Platforms.Build.0 = Debug|Any CPU
		{FCD1D400-1E40-4D9C-BD06-E358ACAE291C}.Debug|x86.ActiveCfg = Debug|Any CPU
		{FCD1D400-1E40-4D9C-BD06-E358ACAE291C}.Release|Any CPU.ActiveCfg = Release|Any CPU
		{FCD1D400-1E40-4D9C-BD06-E358ACAE291C}.Release|Any CPU.Build.0 = Release|Any CPU
		{FCD1D400-1E40-4D9C-BD06-E358ACAE291C}.Release|Mixed Platforms.ActiveCfg = Release|Any CPU
		{FCD1D400-1E40-4D9C-BD06-E358ACAE291C}.Release|Mixed Platforms.Build.0 = Release|Any CPU
		{FCD1D400-1E40-4D9C-BD06-E358ACAE291C}.Release|x86.ActiveCfg = Release|Any CPU
		{E379ABCC-276D-449D-827F-A5B83BD10B29}.Debug|Any CPU.ActiveCfg = Debug|Any CPU
		{E379ABCC-276D-449D-827F-A5B83BD10B29}.Debug|Any CPU.Build.0 = Debug|Any CPU
		{E379ABCC-276D-449D-827F-A5B83BD10B29}.Debug|Mixed Platforms.ActiveCfg = Debug|Any CPU
		{E379ABCC-276D-449D-827F-A5B83BD10B29}.Debug|Mixed Platforms.Build.0 = Debug|Any CPU
		{E379ABCC-276D-449D-827F-A5B83BD10B29}.Debug|x86.ActiveCfg = Debug|Any CPU
		{E379ABCC-276D-449D-827F-A5B83BD10B29}.Release|Any CPU.ActiveCfg = Release|Any CPU
		{E379ABCC-276D-449D-827F-A5B83BD10B29}.Release|Any CPU.Build.0 = Release|Any CPU
		{E379ABCC-276D-449D-827F-A5B83BD10B29}.Release|Mixed Platforms.ActiveCfg = Release|Any CPU
		{E379ABCC-276D-449D-827F-A5B83BD10B29}.Release|Mixed Platforms.Build.0 = Release|Any CPU
		{E379ABCC-276D-449D-827F-A5B83BD10B29}.Release|x86.ActiveCfg = Release|Any CPU
		{0BDFA583-7E68-4FD2-922E-9B3D9FB8F713}.Debug|Any CPU.ActiveCfg = Debug|Any CPU
		{0BDFA583-7E68-4FD2-922E-9B3D9FB8F713}.Debug|Any CPU.Build.0 = Debug|Any CPU
		{0BDFA583-7E68-4FD2-922E-9B3D9FB8F713}.Debug|Mixed Platforms.ActiveCfg = Debug|Any CPU
		{0BDFA583-7E68-4FD2-922E-9B3D9FB8F713}.Debug|Mixed Platforms.Build.0 = Debug|Any CPU
		{0BDFA583-7E68-4FD2-922E-9B3D9FB8F713}.Debug|x86.ActiveCfg = Debug|Any CPU
		{0BDFA583-7E68-4FD2-922E-9B3D9FB8F713}.Release|Any CPU.ActiveCfg = Release|Any CPU
		{0BDFA583-7E68-4FD2-922E-9B3D9FB8F713}.Release|Any CPU.Build.0 = Release|Any CPU
		{0BDFA583-7E68-4FD2-922E-9B3D9FB8F713}.Release|Mixed Platforms.ActiveCfg = Release|Any CPU
		{0BDFA583-7E68-4FD2-922E-9B3D9FB8F713}.Release|Mixed Platforms.Build.0 = Release|Any CPU
		{0BDFA583-7E68-4FD2-922E-9B3D9FB8F713}.Release|x86.ActiveCfg = Release|Any CPU
		{ACD48103-D5F3-4602-AFFC-44559D585657}.Debug|Any CPU.ActiveCfg = Debug|Any CPU
		{ACD48103-D5F3-4602-AFFC-44559D585657}.Debug|Any CPU.Build.0 = Debug|Any CPU
		{ACD48103-D5F3-4602-AFFC-44559D585657}.Debug|Mixed Platforms.ActiveCfg = Debug|Any CPU
		{ACD48103-D5F3-4602-AFFC-44559D585657}.Debug|Mixed Platforms.Build.0 = Debug|Any CPU
		{ACD48103-D5F3-4602-AFFC-44559D585657}.Debug|x86.ActiveCfg = Debug|Any CPU
		{ACD48103-D5F3-4602-AFFC-44559D585657}.Release|Any CPU.ActiveCfg = Release|Any CPU
		{ACD48103-D5F3-4602-AFFC-44559D585657}.Release|Any CPU.Build.0 = Release|Any CPU
		{ACD48103-D5F3-4602-AFFC-44559D585657}.Release|Mixed Platforms.ActiveCfg = Release|Any CPU
		{ACD48103-D5F3-4602-AFFC-44559D585657}.Release|Mixed Platforms.Build.0 = Release|Any CPU
		{ACD48103-D5F3-4602-AFFC-44559D585657}.Release|x86.ActiveCfg = Release|Any CPU
		{B189E8CE-66C0-4B18-94B5-E02395502EBA}.Debug|Any CPU.ActiveCfg = Debug|Any CPU
		{B189E8CE-66C0-4B18-94B5-E02395502EBA}.Debug|Any CPU.Build.0 = Debug|Any CPU
		{B189E8CE-66C0-4B18-94B5-E02395502EBA}.Debug|Mixed Platforms.ActiveCfg = Debug|Any CPU
		{B189E8CE-66C0-4B18-94B5-E02395502EBA}.Debug|Mixed Platforms.Build.0 = Debug|Any CPU
		{B189E8CE-66C0-4B18-94B5-E02395502EBA}.Debug|x86.ActiveCfg = Debug|Any CPU
		{B189E8CE-66C0-4B18-94B5-E02395502EBA}.Release|Any CPU.ActiveCfg = Release|Any CPU
		{B189E8CE-66C0-4B18-94B5-E02395502EBA}.Release|Any CPU.Build.0 = Release|Any CPU
		{B189E8CE-66C0-4B18-94B5-E02395502EBA}.Release|Mixed Platforms.ActiveCfg = Release|Any CPU
		{B189E8CE-66C0-4B18-94B5-E02395502EBA}.Release|Mixed Platforms.Build.0 = Release|Any CPU
		{B189E8CE-66C0-4B18-94B5-E02395502EBA}.Release|x86.ActiveCfg = Release|Any CPU
		{3A0A6793-10C7-4B8B-89E8-BCE64B5AAFC3}.Debug|Any CPU.ActiveCfg = Debug|Any CPU
		{3A0A6793-10C7-4B8B-89E8-BCE64B5AAFC3}.Debug|Any CPU.Build.0 = Debug|Any CPU
		{3A0A6793-10C7-4B8B-89E8-BCE64B5AAFC3}.Debug|Mixed Platforms.ActiveCfg = Debug|Any CPU
		{3A0A6793-10C7-4B8B-89E8-BCE64B5AAFC3}.Debug|Mixed Platforms.Build.0 = Debug|Any CPU
		{3A0A6793-10C7-4B8B-89E8-BCE64B5AAFC3}.Debug|x86.ActiveCfg = Debug|x86
		{3A0A6793-10C7-4B8B-89E8-BCE64B5AAFC3}.Debug|x86.Build.0 = Debug|x86
		{3A0A6793-10C7-4B8B-89E8-BCE64B5AAFC3}.Release|Any CPU.ActiveCfg = Release|Any CPU
		{3A0A6793-10C7-4B8B-89E8-BCE64B5AAFC3}.Release|Any CPU.Build.0 = Release|Any CPU
		{3A0A6793-10C7-4B8B-89E8-BCE64B5AAFC3}.Release|Mixed Platforms.ActiveCfg = Release|Any CPU
		{3A0A6793-10C7-4B8B-89E8-BCE64B5AAFC3}.Release|Mixed Platforms.Build.0 = Release|Any CPU
		{3A0A6793-10C7-4B8B-89E8-BCE64B5AAFC3}.Release|x86.ActiveCfg = Release|x86
		{3A0A6793-10C7-4B8B-89E8-BCE64B5AAFC3}.Release|x86.Build.0 = Release|x86
		{41E6A1EE-860C-4AEF-B876-1BF05978C39A}.Debug|Any CPU.ActiveCfg = Debug|Any CPU
		{41E6A1EE-860C-4AEF-B876-1BF05978C39A}.Debug|Any CPU.Build.0 = Debug|Any CPU
		{41E6A1EE-860C-4AEF-B876-1BF05978C39A}.Debug|Mixed Platforms.ActiveCfg = Debug|Any CPU
		{41E6A1EE-860C-4AEF-B876-1BF05978C39A}.Debug|Mixed Platforms.Build.0 = Debug|Any CPU
		{41E6A1EE-860C-4AEF-B876-1BF05978C39A}.Debug|x86.ActiveCfg = Debug|Any CPU
		{41E6A1EE-860C-4AEF-B876-1BF05978C39A}.Release|Any CPU.ActiveCfg = Release|Any CPU
		{41E6A1EE-860C-4AEF-B876-1BF05978C39A}.Release|Any CPU.Build.0 = Release|Any CPU
		{41E6A1EE-860C-4AEF-B876-1BF05978C39A}.Release|Mixed Platforms.ActiveCfg = Release|Any CPU
		{41E6A1EE-860C-4AEF-B876-1BF05978C39A}.Release|Mixed Platforms.Build.0 = Release|Any CPU
		{41E6A1EE-860C-4AEF-B876-1BF05978C39A}.Release|x86.ActiveCfg = Release|Any CPU
		{4DA27020-C61D-4E86-A08F-D0D7A6DC2E66}.Debug|Any CPU.ActiveCfg = Debug|Any CPU
		{4DA27020-C61D-4E86-A08F-D0D7A6DC2E66}.Debug|Any CPU.Build.0 = Debug|Any CPU
		{4DA27020-C61D-4E86-A08F-D0D7A6DC2E66}.Debug|Mixed Platforms.ActiveCfg = Debug|Any CPU
		{4DA27020-C61D-4E86-A08F-D0D7A6DC2E66}.Debug|Mixed Platforms.Build.0 = Debug|Any CPU
		{4DA27020-C61D-4E86-A08F-D0D7A6DC2E66}.Debug|x86.ActiveCfg = Debug|Any CPU
		{4DA27020-C61D-4E86-A08F-D0D7A6DC2E66}.Release|Any CPU.ActiveCfg = Release|Any CPU
		{4DA27020-C61D-4E86-A08F-D0D7A6DC2E66}.Release|Any CPU.Build.0 = Release|Any CPU
		{4DA27020-C61D-4E86-A08F-D0D7A6DC2E66}.Release|Mixed Platforms.ActiveCfg = Release|Any CPU
		{4DA27020-C61D-4E86-A08F-D0D7A6DC2E66}.Release|Mixed Platforms.Build.0 = Release|Any CPU
		{4DA27020-C61D-4E86-A08F-D0D7A6DC2E66}.Release|x86.ActiveCfg = Release|Any CPU
		{4780974E-DABA-45E3-AEE6-C9E76640237F}.Debug|Any CPU.ActiveCfg = Debug|Any CPU
		{4780974E-DABA-45E3-AEE6-C9E76640237F}.Debug|Any CPU.Build.0 = Debug|Any CPU
		{4780974E-DABA-45E3-AEE6-C9E76640237F}.Debug|Mixed Platforms.ActiveCfg = Debug|Any CPU
		{4780974E-DABA-45E3-AEE6-C9E76640237F}.Debug|Mixed Platforms.Build.0 = Debug|Any CPU
		{4780974E-DABA-45E3-AEE6-C9E76640237F}.Debug|x86.ActiveCfg = Debug|Any CPU
		{4780974E-DABA-45E3-AEE6-C9E76640237F}.Release|Any CPU.ActiveCfg = Release|Any CPU
		{4780974E-DABA-45E3-AEE6-C9E76640237F}.Release|Any CPU.Build.0 = Release|Any CPU
		{4780974E-DABA-45E3-AEE6-C9E76640237F}.Release|Mixed Platforms.ActiveCfg = Release|Any CPU
		{4780974E-DABA-45E3-AEE6-C9E76640237F}.Release|Mixed Platforms.Build.0 = Release|Any CPU
		{4780974E-DABA-45E3-AEE6-C9E76640237F}.Release|x86.ActiveCfg = Release|Any CPU
		{CA8D1B5D-67C1-441A-A0C0-E3F1A52BDD73}.Debug|Any CPU.ActiveCfg = Debug|Any CPU
		{CA8D1B5D-67C1-441A-A0C0-E3F1A52BDD73}.Debug|Any CPU.Build.0 = Debug|Any CPU
		{CA8D1B5D-67C1-441A-A0C0-E3F1A52BDD73}.Debug|Mixed Platforms.ActiveCfg = Debug|Any CPU
		{CA8D1B5D-67C1-441A-A0C0-E3F1A52BDD73}.Debug|Mixed Platforms.Build.0 = Debug|Any CPU
		{CA8D1B5D-67C1-441A-A0C0-E3F1A52BDD73}.Debug|x86.ActiveCfg = Debug|Any CPU
		{CA8D1B5D-67C1-441A-A0C0-E3F1A52BDD73}.Release|Any CPU.ActiveCfg = Release|Any CPU
		{CA8D1B5D-67C1-441A-A0C0-E3F1A52BDD73}.Release|Any CPU.Build.0 = Release|Any CPU
		{CA8D1B5D-67C1-441A-A0C0-E3F1A52BDD73}.Release|Mixed Platforms.ActiveCfg = Release|Any CPU
		{CA8D1B5D-67C1-441A-A0C0-E3F1A52BDD73}.Release|Mixed Platforms.Build.0 = Release|Any CPU
		{CA8D1B5D-67C1-441A-A0C0-E3F1A52BDD73}.Release|x86.ActiveCfg = Release|Any CPU
		{AB6E655C-8AC3-463F-A94E-0DAAF2290965}.Debug|Any CPU.ActiveCfg = Debug|Any CPU
		{AB6E655C-8AC3-463F-A94E-0DAAF2290965}.Debug|Any CPU.Build.0 = Debug|Any CPU
		{AB6E655C-8AC3-463F-A94E-0DAAF2290965}.Debug|Mixed Platforms.ActiveCfg = Debug|Any CPU
		{AB6E655C-8AC3-463F-A94E-0DAAF2290965}.Debug|Mixed Platforms.Build.0 = Debug|Any CPU
		{AB6E655C-8AC3-463F-A94E-0DAAF2290965}.Debug|x86.ActiveCfg = Debug|Any CPU
		{AB6E655C-8AC3-463F-A94E-0DAAF2290965}.Release|Any CPU.ActiveCfg = Release|Any CPU
		{AB6E655C-8AC3-463F-A94E-0DAAF2290965}.Release|Any CPU.Build.0 = Release|Any CPU
		{AB6E655C-8AC3-463F-A94E-0DAAF2290965}.Release|Mixed Platforms.ActiveCfg = Release|Any CPU
		{AB6E655C-8AC3-463F-A94E-0DAAF2290965}.Release|Mixed Platforms.Build.0 = Release|Any CPU
		{AB6E655C-8AC3-463F-A94E-0DAAF2290965}.Release|x86.ActiveCfg = Release|Any CPU
		{EBEF6909-BD0F-4EAA-98E9-E011C3774E19}.Debug|Any CPU.ActiveCfg = Debug|Any CPU
		{EBEF6909-BD0F-4EAA-98E9-E011C3774E19}.Debug|Any CPU.Build.0 = Debug|Any CPU
		{EBEF6909-BD0F-4EAA-98E9-E011C3774E19}.Debug|Mixed Platforms.ActiveCfg = Debug|Any CPU
		{EBEF6909-BD0F-4EAA-98E9-E011C3774E19}.Debug|Mixed Platforms.Build.0 = Debug|Any CPU
		{EBEF6909-BD0F-4EAA-98E9-E011C3774E19}.Debug|x86.ActiveCfg = Debug|Any CPU
		{EBEF6909-BD0F-4EAA-98E9-E011C3774E19}.Release|Any CPU.ActiveCfg = Release|Any CPU
		{EBEF6909-BD0F-4EAA-98E9-E011C3774E19}.Release|Any CPU.Build.0 = Release|Any CPU
		{EBEF6909-BD0F-4EAA-98E9-E011C3774E19}.Release|Mixed Platforms.ActiveCfg = Release|Any CPU
		{EBEF6909-BD0F-4EAA-98E9-E011C3774E19}.Release|Mixed Platforms.Build.0 = Release|Any CPU
		{EBEF6909-BD0F-4EAA-98E9-E011C3774E19}.Release|x86.ActiveCfg = Release|Any CPU
		{C86E54DA-9C27-4AA0-BA40-8415C001EB2C}.Debug|Any CPU.ActiveCfg = Debug|Any CPU
		{C86E54DA-9C27-4AA0-BA40-8415C001EB2C}.Debug|Any CPU.Build.0 = Debug|Any CPU
		{C86E54DA-9C27-4AA0-BA40-8415C001EB2C}.Debug|Mixed Platforms.ActiveCfg = Debug|Any CPU
		{C86E54DA-9C27-4AA0-BA40-8415C001EB2C}.Debug|Mixed Platforms.Build.0 = Debug|Any CPU
		{C86E54DA-9C27-4AA0-BA40-8415C001EB2C}.Debug|x86.ActiveCfg = Debug|Any CPU
		{C86E54DA-9C27-4AA0-BA40-8415C001EB2C}.Release|Any CPU.ActiveCfg = Release|Any CPU
		{C86E54DA-9C27-4AA0-BA40-8415C001EB2C}.Release|Any CPU.Build.0 = Release|Any CPU
		{C86E54DA-9C27-4AA0-BA40-8415C001EB2C}.Release|Mixed Platforms.ActiveCfg = Release|Any CPU
		{C86E54DA-9C27-4AA0-BA40-8415C001EB2C}.Release|Mixed Platforms.Build.0 = Release|Any CPU
		{C86E54DA-9C27-4AA0-BA40-8415C001EB2C}.Release|x86.ActiveCfg = Release|Any CPU
		{5A3D0473-B2E0-481A-8106-354092E451F5}.Debug|Any CPU.ActiveCfg = Debug|Any CPU
		{5A3D0473-B2E0-481A-8106-354092E451F5}.Debug|Any CPU.Build.0 = Debug|Any CPU
		{5A3D0473-B2E0-481A-8106-354092E451F5}.Debug|Mixed Platforms.ActiveCfg = Debug|Any CPU
		{5A3D0473-B2E0-481A-8106-354092E451F5}.Debug|Mixed Platforms.Build.0 = Debug|Any CPU
		{5A3D0473-B2E0-481A-8106-354092E451F5}.Debug|x86.ActiveCfg = Debug|Any CPU
		{5A3D0473-B2E0-481A-8106-354092E451F5}.Release|Any CPU.ActiveCfg = Release|Any CPU
		{5A3D0473-B2E0-481A-8106-354092E451F5}.Release|Any CPU.Build.0 = Release|Any CPU
		{5A3D0473-B2E0-481A-8106-354092E451F5}.Release|Mixed Platforms.ActiveCfg = Release|Any CPU
		{5A3D0473-B2E0-481A-8106-354092E451F5}.Release|Mixed Platforms.Build.0 = Release|Any CPU
		{5A3D0473-B2E0-481A-8106-354092E451F5}.Release|x86.ActiveCfg = Release|Any CPU
		{549DFA5F-0D29-41E9-90C8-812FAEABEA96}.Debug|Any CPU.ActiveCfg = Debug|Any CPU
		{549DFA5F-0D29-41E9-90C8-812FAEABEA96}.Debug|Any CPU.Build.0 = Debug|Any CPU
		{549DFA5F-0D29-41E9-90C8-812FAEABEA96}.Debug|Mixed Platforms.ActiveCfg = Debug|Any CPU
		{549DFA5F-0D29-41E9-90C8-812FAEABEA96}.Debug|Mixed Platforms.Build.0 = Debug|Any CPU
		{549DFA5F-0D29-41E9-90C8-812FAEABEA96}.Debug|x86.ActiveCfg = Debug|Any CPU
		{549DFA5F-0D29-41E9-90C8-812FAEABEA96}.Release|Any CPU.ActiveCfg = Release|Any CPU
		{549DFA5F-0D29-41E9-90C8-812FAEABEA96}.Release|Any CPU.Build.0 = Release|Any CPU
		{549DFA5F-0D29-41E9-90C8-812FAEABEA96}.Release|Mixed Platforms.ActiveCfg = Release|Any CPU
		{549DFA5F-0D29-41E9-90C8-812FAEABEA96}.Release|Mixed Platforms.Build.0 = Release|Any CPU
		{549DFA5F-0D29-41E9-90C8-812FAEABEA96}.Release|x86.ActiveCfg = Release|Any CPU
		{6C24FB7A-D491-4C84-A185-977771266DF9}.Debug|Any CPU.ActiveCfg = Debug|Any CPU
		{6C24FB7A-D491-4C84-A185-977771266DF9}.Debug|Any CPU.Build.0 = Debug|Any CPU
		{6C24FB7A-D491-4C84-A185-977771266DF9}.Debug|Mixed Platforms.ActiveCfg = Debug|Any CPU
		{6C24FB7A-D491-4C84-A185-977771266DF9}.Debug|Mixed Platforms.Build.0 = Debug|Any CPU
		{6C24FB7A-D491-4C84-A185-977771266DF9}.Debug|x86.ActiveCfg = Debug|Any CPU
		{6C24FB7A-D491-4C84-A185-977771266DF9}.Release|Any CPU.ActiveCfg = Release|Any CPU
		{6C24FB7A-D491-4C84-A185-977771266DF9}.Release|Any CPU.Build.0 = Release|Any CPU
		{6C24FB7A-D491-4C84-A185-977771266DF9}.Release|Mixed Platforms.ActiveCfg = Release|Any CPU
		{6C24FB7A-D491-4C84-A185-977771266DF9}.Release|Mixed Platforms.Build.0 = Release|Any CPU
		{6C24FB7A-D491-4C84-A185-977771266DF9}.Release|x86.ActiveCfg = Release|Any CPU
		{4268FD64-590F-416E-8EC1-D00A1C7D99CB}.Debug|Any CPU.ActiveCfg = Debug|Any CPU
		{4268FD64-590F-416E-8EC1-D00A1C7D99CB}.Debug|Any CPU.Build.0 = Debug|Any CPU
		{4268FD64-590F-416E-8EC1-D00A1C7D99CB}.Debug|Mixed Platforms.ActiveCfg = Debug|Any CPU
		{4268FD64-590F-416E-8EC1-D00A1C7D99CB}.Debug|Mixed Platforms.Build.0 = Debug|Any CPU
		{4268FD64-590F-416E-8EC1-D00A1C7D99CB}.Debug|x86.ActiveCfg = Debug|Any CPU
		{4268FD64-590F-416E-8EC1-D00A1C7D99CB}.Release|Any CPU.ActiveCfg = Release|Any CPU
		{4268FD64-590F-416E-8EC1-D00A1C7D99CB}.Release|Any CPU.Build.0 = Release|Any CPU
		{4268FD64-590F-416E-8EC1-D00A1C7D99CB}.Release|Mixed Platforms.ActiveCfg = Release|Any CPU
		{4268FD64-590F-416E-8EC1-D00A1C7D99CB}.Release|Mixed Platforms.Build.0 = Release|Any CPU
		{4268FD64-590F-416E-8EC1-D00A1C7D99CB}.Release|x86.ActiveCfg = Release|Any CPU
		{DE7FB84C-92E9-4961-B2D5-F73545BB8270}.Debug|Any CPU.ActiveCfg = Debug|Any CPU
		{DE7FB84C-92E9-4961-B2D5-F73545BB8270}.Debug|Any CPU.Build.0 = Debug|Any CPU
		{DE7FB84C-92E9-4961-B2D5-F73545BB8270}.Debug|Mixed Platforms.ActiveCfg = Debug|Any CPU
		{DE7FB84C-92E9-4961-B2D5-F73545BB8270}.Debug|Mixed Platforms.Build.0 = Debug|Any CPU
		{DE7FB84C-92E9-4961-B2D5-F73545BB8270}.Debug|x86.ActiveCfg = Debug|Any CPU
		{DE7FB84C-92E9-4961-B2D5-F73545BB8270}.Release|Any CPU.ActiveCfg = Release|Any CPU
		{DE7FB84C-92E9-4961-B2D5-F73545BB8270}.Release|Any CPU.Build.0 = Release|Any CPU
		{DE7FB84C-92E9-4961-B2D5-F73545BB8270}.Release|Mixed Platforms.ActiveCfg = Release|Any CPU
		{DE7FB84C-92E9-4961-B2D5-F73545BB8270}.Release|Mixed Platforms.Build.0 = Release|Any CPU
		{DE7FB84C-92E9-4961-B2D5-F73545BB8270}.Release|x86.ActiveCfg = Release|Any CPU
		{ECA49759-98EE-4C42-A87C-DFDB6DBE8BFA}.Debug|Any CPU.ActiveCfg = Debug|Any CPU
		{ECA49759-98EE-4C42-A87C-DFDB6DBE8BFA}.Debug|Any CPU.Build.0 = Debug|Any CPU
		{ECA49759-98EE-4C42-A87C-DFDB6DBE8BFA}.Debug|Mixed Platforms.ActiveCfg = Debug|Any CPU
		{ECA49759-98EE-4C42-A87C-DFDB6DBE8BFA}.Debug|Mixed Platforms.Build.0 = Debug|Any CPU
		{ECA49759-98EE-4C42-A87C-DFDB6DBE8BFA}.Debug|x86.ActiveCfg = Debug|Any CPU
		{ECA49759-98EE-4C42-A87C-DFDB6DBE8BFA}.Release|Any CPU.ActiveCfg = Release|Any CPU
		{ECA49759-98EE-4C42-A87C-DFDB6DBE8BFA}.Release|Any CPU.Build.0 = Release|Any CPU
		{ECA49759-98EE-4C42-A87C-DFDB6DBE8BFA}.Release|Mixed Platforms.ActiveCfg = Release|Any CPU
		{ECA49759-98EE-4C42-A87C-DFDB6DBE8BFA}.Release|Mixed Platforms.Build.0 = Release|Any CPU
		{ECA49759-98EE-4C42-A87C-DFDB6DBE8BFA}.Release|x86.ActiveCfg = Release|Any CPU
		{916C1DDD-6C1E-4341-95C8-E4F667959F28}.Debug|Any CPU.ActiveCfg = Debug|Any CPU
		{916C1DDD-6C1E-4341-95C8-E4F667959F28}.Debug|Any CPU.Build.0 = Debug|Any CPU
		{916C1DDD-6C1E-4341-95C8-E4F667959F28}.Debug|Mixed Platforms.ActiveCfg = Debug|Any CPU
		{916C1DDD-6C1E-4341-95C8-E4F667959F28}.Debug|Mixed Platforms.Build.0 = Debug|Any CPU
		{916C1DDD-6C1E-4341-95C8-E4F667959F28}.Debug|x86.ActiveCfg = Debug|Any CPU
		{916C1DDD-6C1E-4341-95C8-E4F667959F28}.Release|Any CPU.ActiveCfg = Release|Any CPU
		{916C1DDD-6C1E-4341-95C8-E4F667959F28}.Release|Any CPU.Build.0 = Release|Any CPU
		{916C1DDD-6C1E-4341-95C8-E4F667959F28}.Release|Mixed Platforms.ActiveCfg = Release|Any CPU
		{916C1DDD-6C1E-4341-95C8-E4F667959F28}.Release|Mixed Platforms.Build.0 = Release|Any CPU
		{916C1DDD-6C1E-4341-95C8-E4F667959F28}.Release|x86.ActiveCfg = Release|Any CPU
		{6E9D24C4-014B-4313-82A9-834734EEB5AF}.Debug|Any CPU.ActiveCfg = Debug|Any CPU
		{6E9D24C4-014B-4313-82A9-834734EEB5AF}.Debug|Any CPU.Build.0 = Debug|Any CPU
		{6E9D24C4-014B-4313-82A9-834734EEB5AF}.Debug|Mixed Platforms.ActiveCfg = Debug|Any CPU
		{6E9D24C4-014B-4313-82A9-834734EEB5AF}.Debug|Mixed Platforms.Build.0 = Debug|Any CPU
		{6E9D24C4-014B-4313-82A9-834734EEB5AF}.Debug|x86.ActiveCfg = Debug|Any CPU
		{6E9D24C4-014B-4313-82A9-834734EEB5AF}.Release|Any CPU.ActiveCfg = Release|Any CPU
		{6E9D24C4-014B-4313-82A9-834734EEB5AF}.Release|Any CPU.Build.0 = Release|Any CPU
		{6E9D24C4-014B-4313-82A9-834734EEB5AF}.Release|Mixed Platforms.ActiveCfg = Release|Any CPU
		{6E9D24C4-014B-4313-82A9-834734EEB5AF}.Release|Mixed Platforms.Build.0 = Release|Any CPU
		{6E9D24C4-014B-4313-82A9-834734EEB5AF}.Release|x86.ActiveCfg = Release|Any CPU
		{911E7FC8-0554-4CE9-9791-F666A5BDCCFC}.Debug|Any CPU.ActiveCfg = Debug|Any CPU
		{911E7FC8-0554-4CE9-9791-F666A5BDCCFC}.Debug|Any CPU.Build.0 = Debug|Any CPU
		{911E7FC8-0554-4CE9-9791-F666A5BDCCFC}.Debug|Mixed Platforms.ActiveCfg = Debug|Any CPU
		{911E7FC8-0554-4CE9-9791-F666A5BDCCFC}.Debug|Mixed Platforms.Build.0 = Debug|Any CPU
		{911E7FC8-0554-4CE9-9791-F666A5BDCCFC}.Debug|x86.ActiveCfg = Debug|Any CPU
		{911E7FC8-0554-4CE9-9791-F666A5BDCCFC}.Release|Any CPU.ActiveCfg = Release|Any CPU
		{911E7FC8-0554-4CE9-9791-F666A5BDCCFC}.Release|Any CPU.Build.0 = Release|Any CPU
		{911E7FC8-0554-4CE9-9791-F666A5BDCCFC}.Release|Mixed Platforms.ActiveCfg = Release|Any CPU
		{911E7FC8-0554-4CE9-9791-F666A5BDCCFC}.Release|Mixed Platforms.Build.0 = Release|Any CPU
		{911E7FC8-0554-4CE9-9791-F666A5BDCCFC}.Release|x86.ActiveCfg = Release|Any CPU
		{9091F14C-8B84-446B-8890-60278D1DF801}.Debug|Any CPU.ActiveCfg = Debug|Any CPU
		{9091F14C-8B84-446B-8890-60278D1DF801}.Debug|Any CPU.Build.0 = Debug|Any CPU
		{9091F14C-8B84-446B-8890-60278D1DF801}.Debug|Mixed Platforms.ActiveCfg = Debug|Any CPU
		{9091F14C-8B84-446B-8890-60278D1DF801}.Debug|Mixed Platforms.Build.0 = Debug|Any CPU
		{9091F14C-8B84-446B-8890-60278D1DF801}.Debug|x86.ActiveCfg = Debug|Any CPU
		{9091F14C-8B84-446B-8890-60278D1DF801}.Release|Any CPU.ActiveCfg = Release|Any CPU
		{9091F14C-8B84-446B-8890-60278D1DF801}.Release|Any CPU.Build.0 = Release|Any CPU
		{9091F14C-8B84-446B-8890-60278D1DF801}.Release|Mixed Platforms.ActiveCfg = Release|Any CPU
		{9091F14C-8B84-446B-8890-60278D1DF801}.Release|Mixed Platforms.Build.0 = Release|Any CPU
		{9091F14C-8B84-446B-8890-60278D1DF801}.Release|x86.ActiveCfg = Release|Any CPU
		{30219C4E-86EF-499E-9BF1-B346668A6AC4}.Debug|Any CPU.ActiveCfg = Debug|Any CPU
		{30219C4E-86EF-499E-9BF1-B346668A6AC4}.Debug|Any CPU.Build.0 = Debug|Any CPU
		{30219C4E-86EF-499E-9BF1-B346668A6AC4}.Debug|Mixed Platforms.ActiveCfg = Debug|Any CPU
		{30219C4E-86EF-499E-9BF1-B346668A6AC4}.Debug|Mixed Platforms.Build.0 = Debug|Any CPU
		{30219C4E-86EF-499E-9BF1-B346668A6AC4}.Debug|x86.ActiveCfg = Debug|Any CPU
		{30219C4E-86EF-499E-9BF1-B346668A6AC4}.Release|Any CPU.ActiveCfg = Release|Any CPU
		{30219C4E-86EF-499E-9BF1-B346668A6AC4}.Release|Any CPU.Build.0 = Release|Any CPU
		{30219C4E-86EF-499E-9BF1-B346668A6AC4}.Release|Mixed Platforms.ActiveCfg = Release|Any CPU
		{30219C4E-86EF-499E-9BF1-B346668A6AC4}.Release|Mixed Platforms.Build.0 = Release|Any CPU
		{30219C4E-86EF-499E-9BF1-B346668A6AC4}.Release|x86.ActiveCfg = Release|Any CPU
		{D3160F21-7028-4E92-A2A1-A65FB4F7D754}.Debug|Any CPU.ActiveCfg = Debug|Any CPU
		{D3160F21-7028-4E92-A2A1-A65FB4F7D754}.Debug|Any CPU.Build.0 = Debug|Any CPU
		{D3160F21-7028-4E92-A2A1-A65FB4F7D754}.Debug|Mixed Platforms.ActiveCfg = Debug|Any CPU
		{D3160F21-7028-4E92-A2A1-A65FB4F7D754}.Debug|Mixed Platforms.Build.0 = Debug|Any CPU
		{D3160F21-7028-4E92-A2A1-A65FB4F7D754}.Debug|x86.ActiveCfg = Debug|Any CPU
		{D3160F21-7028-4E92-A2A1-A65FB4F7D754}.Release|Any CPU.ActiveCfg = Release|Any CPU
		{D3160F21-7028-4E92-A2A1-A65FB4F7D754}.Release|Any CPU.Build.0 = Release|Any CPU
		{D3160F21-7028-4E92-A2A1-A65FB4F7D754}.Release|Mixed Platforms.ActiveCfg = Release|Any CPU
		{D3160F21-7028-4E92-A2A1-A65FB4F7D754}.Release|Mixed Platforms.Build.0 = Release|Any CPU
		{D3160F21-7028-4E92-A2A1-A65FB4F7D754}.Release|x86.ActiveCfg = Release|Any CPU
		{9EBE1663-8581-429D-B7DF-B5E101D2C411}.Debug|Any CPU.ActiveCfg = Debug|Any CPU
		{9EBE1663-8581-429D-B7DF-B5E101D2C411}.Debug|Any CPU.Build.0 = Debug|Any CPU
		{9EBE1663-8581-429D-B7DF-B5E101D2C411}.Debug|Mixed Platforms.ActiveCfg = Debug|Any CPU
		{9EBE1663-8581-429D-B7DF-B5E101D2C411}.Debug|Mixed Platforms.Build.0 = Debug|Any CPU
		{9EBE1663-8581-429D-B7DF-B5E101D2C411}.Debug|x86.ActiveCfg = Debug|Any CPU
		{9EBE1663-8581-429D-B7DF-B5E101D2C411}.Release|Any CPU.ActiveCfg = Release|Any CPU
		{9EBE1663-8581-429D-B7DF-B5E101D2C411}.Release|Any CPU.Build.0 = Release|Any CPU
		{9EBE1663-8581-429D-B7DF-B5E101D2C411}.Release|Mixed Platforms.ActiveCfg = Release|Any CPU
		{9EBE1663-8581-429D-B7DF-B5E101D2C411}.Release|Mixed Platforms.Build.0 = Release|Any CPU
		{9EBE1663-8581-429D-B7DF-B5E101D2C411}.Release|x86.ActiveCfg = Release|Any CPU
		{8BB27CC2-D8A8-409B-AE4F-CFE4565E16B0}.Debug|Any CPU.ActiveCfg = Debug|Any CPU
		{8BB27CC2-D8A8-409B-AE4F-CFE4565E16B0}.Debug|Any CPU.Build.0 = Debug|Any CPU
		{8BB27CC2-D8A8-409B-AE4F-CFE4565E16B0}.Debug|Mixed Platforms.ActiveCfg = Debug|Any CPU
		{8BB27CC2-D8A8-409B-AE4F-CFE4565E16B0}.Debug|Mixed Platforms.Build.0 = Debug|Any CPU
		{8BB27CC2-D8A8-409B-AE4F-CFE4565E16B0}.Debug|x86.ActiveCfg = Debug|Any CPU
		{8BB27CC2-D8A8-409B-AE4F-CFE4565E16B0}.Release|Any CPU.ActiveCfg = Release|Any CPU
		{8BB27CC2-D8A8-409B-AE4F-CFE4565E16B0}.Release|Any CPU.Build.0 = Release|Any CPU
		{8BB27CC2-D8A8-409B-AE4F-CFE4565E16B0}.Release|Mixed Platforms.ActiveCfg = Release|Any CPU
		{8BB27CC2-D8A8-409B-AE4F-CFE4565E16B0}.Release|Mixed Platforms.Build.0 = Release|Any CPU
		{8BB27CC2-D8A8-409B-AE4F-CFE4565E16B0}.Release|x86.ActiveCfg = Release|Any CPU
		{0E935862-DBC9-419D-9ECB-09C31FD296E3}.Debug|Any CPU.ActiveCfg = Debug|Any CPU
		{0E935862-DBC9-419D-9ECB-09C31FD296E3}.Debug|Any CPU.Build.0 = Debug|Any CPU
		{0E935862-DBC9-419D-9ECB-09C31FD296E3}.Debug|Mixed Platforms.ActiveCfg = Debug|Any CPU
		{0E935862-DBC9-419D-9ECB-09C31FD296E3}.Debug|Mixed Platforms.Build.0 = Debug|Any CPU
		{0E935862-DBC9-419D-9ECB-09C31FD296E3}.Debug|x86.ActiveCfg = Debug|Any CPU
		{0E935862-DBC9-419D-9ECB-09C31FD296E3}.Release|Any CPU.ActiveCfg = Release|Any CPU
		{0E935862-DBC9-419D-9ECB-09C31FD296E3}.Release|Any CPU.Build.0 = Release|Any CPU
		{0E935862-DBC9-419D-9ECB-09C31FD296E3}.Release|Mixed Platforms.ActiveCfg = Release|Any CPU
		{0E935862-DBC9-419D-9ECB-09C31FD296E3}.Release|Mixed Platforms.Build.0 = Release|Any CPU
		{0E935862-DBC9-419D-9ECB-09C31FD296E3}.Release|x86.ActiveCfg = Release|Any CPU
		{E76B1B42-25CF-4D83-9D75-C805AF15113B}.Debug|Any CPU.ActiveCfg = Debug|Any CPU
		{E76B1B42-25CF-4D83-9D75-C805AF15113B}.Debug|Any CPU.Build.0 = Debug|Any CPU
		{E76B1B42-25CF-4D83-9D75-C805AF15113B}.Debug|Mixed Platforms.ActiveCfg = Debug|Any CPU
		{E76B1B42-25CF-4D83-9D75-C805AF15113B}.Debug|Mixed Platforms.Build.0 = Debug|Any CPU
		{E76B1B42-25CF-4D83-9D75-C805AF15113B}.Debug|x86.ActiveCfg = Debug|Any CPU
		{E76B1B42-25CF-4D83-9D75-C805AF15113B}.Release|Any CPU.ActiveCfg = Release|Any CPU
		{E76B1B42-25CF-4D83-9D75-C805AF15113B}.Release|Any CPU.Build.0 = Release|Any CPU
		{E76B1B42-25CF-4D83-9D75-C805AF15113B}.Release|Mixed Platforms.ActiveCfg = Release|Any CPU
		{E76B1B42-25CF-4D83-9D75-C805AF15113B}.Release|Mixed Platforms.Build.0 = Release|Any CPU
		{E76B1B42-25CF-4D83-9D75-C805AF15113B}.Release|x86.ActiveCfg = Release|Any CPU
		{2D7E2CDC-5806-4FC5-BAB5-0DA97BE27D1A}.Debug|Any CPU.ActiveCfg = Debug|Any CPU
		{2D7E2CDC-5806-4FC5-BAB5-0DA97BE27D1A}.Debug|Any CPU.Build.0 = Debug|Any CPU
		{2D7E2CDC-5806-4FC5-BAB5-0DA97BE27D1A}.Debug|Mixed Platforms.ActiveCfg = Debug|Any CPU
		{2D7E2CDC-5806-4FC5-BAB5-0DA97BE27D1A}.Debug|Mixed Platforms.Build.0 = Debug|Any CPU
		{2D7E2CDC-5806-4FC5-BAB5-0DA97BE27D1A}.Debug|x86.ActiveCfg = Debug|Any CPU
		{2D7E2CDC-5806-4FC5-BAB5-0DA97BE27D1A}.Release|Any CPU.ActiveCfg = Release|Any CPU
		{2D7E2CDC-5806-4FC5-BAB5-0DA97BE27D1A}.Release|Any CPU.Build.0 = Release|Any CPU
		{2D7E2CDC-5806-4FC5-BAB5-0DA97BE27D1A}.Release|Mixed Platforms.ActiveCfg = Release|Any CPU
		{2D7E2CDC-5806-4FC5-BAB5-0DA97BE27D1A}.Release|Mixed Platforms.Build.0 = Release|Any CPU
		{2D7E2CDC-5806-4FC5-BAB5-0DA97BE27D1A}.Release|x86.ActiveCfg = Release|Any CPU
		{CB004356-8B89-421E-A755-6EF00A1A8D88}.Debug|Any CPU.ActiveCfg = Debug|Any CPU
		{CB004356-8B89-421E-A755-6EF00A1A8D88}.Debug|Any CPU.Build.0 = Debug|Any CPU
		{CB004356-8B89-421E-A755-6EF00A1A8D88}.Debug|Mixed Platforms.ActiveCfg = Debug|Any CPU
		{CB004356-8B89-421E-A755-6EF00A1A8D88}.Debug|Mixed Platforms.Build.0 = Debug|Any CPU
		{CB004356-8B89-421E-A755-6EF00A1A8D88}.Debug|x86.ActiveCfg = Debug|Any CPU
		{CB004356-8B89-421E-A755-6EF00A1A8D88}.Release|Any CPU.ActiveCfg = Release|Any CPU
		{CB004356-8B89-421E-A755-6EF00A1A8D88}.Release|Any CPU.Build.0 = Release|Any CPU
		{CB004356-8B89-421E-A755-6EF00A1A8D88}.Release|Mixed Platforms.ActiveCfg = Release|Any CPU
		{CB004356-8B89-421E-A755-6EF00A1A8D88}.Release|Mixed Platforms.Build.0 = Release|Any CPU
		{CB004356-8B89-421E-A755-6EF00A1A8D88}.Release|x86.ActiveCfg = Release|Any CPU
		{5E53F37A-293A-444C-AE35-F549B7E7D185}.Debug|Any CPU.ActiveCfg = Debug|Any CPU
		{5E53F37A-293A-444C-AE35-F549B7E7D185}.Debug|Any CPU.Build.0 = Debug|Any CPU
		{5E53F37A-293A-444C-AE35-F549B7E7D185}.Debug|Mixed Platforms.ActiveCfg = Debug|Any CPU
		{5E53F37A-293A-444C-AE35-F549B7E7D185}.Debug|Mixed Platforms.Build.0 = Debug|Any CPU
		{5E53F37A-293A-444C-AE35-F549B7E7D185}.Debug|x86.ActiveCfg = Debug|Any CPU
		{5E53F37A-293A-444C-AE35-F549B7E7D185}.Release|Any CPU.ActiveCfg = Release|Any CPU
		{5E53F37A-293A-444C-AE35-F549B7E7D185}.Release|Any CPU.Build.0 = Release|Any CPU
		{5E53F37A-293A-444C-AE35-F549B7E7D185}.Release|Mixed Platforms.ActiveCfg = Release|Any CPU
		{5E53F37A-293A-444C-AE35-F549B7E7D185}.Release|Mixed Platforms.Build.0 = Release|Any CPU
		{5E53F37A-293A-444C-AE35-F549B7E7D185}.Release|x86.ActiveCfg = Release|Any CPU
		{E633A52D-53AD-48E0-AD61-2DF44ECD1A83}.Debug|Any CPU.ActiveCfg = Debug|Any CPU
		{E633A52D-53AD-48E0-AD61-2DF44ECD1A83}.Debug|Any CPU.Build.0 = Debug|Any CPU
		{E633A52D-53AD-48E0-AD61-2DF44ECD1A83}.Debug|Mixed Platforms.ActiveCfg = Debug|Any CPU
		{E633A52D-53AD-48E0-AD61-2DF44ECD1A83}.Debug|Mixed Platforms.Build.0 = Debug|Any CPU
		{E633A52D-53AD-48E0-AD61-2DF44ECD1A83}.Debug|x86.ActiveCfg = Debug|Any CPU
		{E633A52D-53AD-48E0-AD61-2DF44ECD1A83}.Release|Any CPU.ActiveCfg = Release|Any CPU
		{E633A52D-53AD-48E0-AD61-2DF44ECD1A83}.Release|Any CPU.Build.0 = Release|Any CPU
		{E633A52D-53AD-48E0-AD61-2DF44ECD1A83}.Release|Mixed Platforms.ActiveCfg = Release|Any CPU
		{E633A52D-53AD-48E0-AD61-2DF44ECD1A83}.Release|Mixed Platforms.Build.0 = Release|Any CPU
		{E633A52D-53AD-48E0-AD61-2DF44ECD1A83}.Release|x86.ActiveCfg = Release|Any CPU
	EndGlobalSection
	GlobalSection(SolutionProperties) = preSolution
		HideSolutionNode = FALSE
	EndGlobalSection
	GlobalSection(NestedProjects) = preSolution
		{3A0A6793-10C7-4B8B-89E8-BCE64B5AAFC3} = {6CF48F85-BAA3-4C77-BF81-7AF4304CC21A}
		{6BD5CA04-6F78-47E8-999A-B66B5DFE68A1} = {B65F23E1-A999-489A-B002-BB7A2E316B07}
		{856C3651-A414-4AEC-916D-6C5840510C53} = {B65F23E1-A999-489A-B002-BB7A2E316B07}
		{BE4ECE68-5EF9-49BB-81BF-20849CAC032C} = {B65F23E1-A999-489A-B002-BB7A2E316B07}
		{B000EF90-E86D-4197-A7E0-AB8461844F39} = {B65F23E1-A999-489A-B002-BB7A2E316B07}
		{6AD57289-F5AC-4D47-B81E-B9DD7702BCBF} = {B65F23E1-A999-489A-B002-BB7A2E316B07}
		{0BDFA583-7E68-4FD2-922E-9B3D9FB8F713} = {B65F23E1-A999-489A-B002-BB7A2E316B07}
		{41E6A1EE-860C-4AEF-B876-1BF05978C39A} = {B65F23E1-A999-489A-B002-BB7A2E316B07}
		{4DA27020-C61D-4E86-A08F-D0D7A6DC2E66} = {B65F23E1-A999-489A-B002-BB7A2E316B07}
		{4780974E-DABA-45E3-AEE6-C9E76640237F} = {B65F23E1-A999-489A-B002-BB7A2E316B07}
		{CA8D1B5D-67C1-441A-A0C0-E3F1A52BDD73} = {B65F23E1-A999-489A-B002-BB7A2E316B07}
		{AB6E655C-8AC3-463F-A94E-0DAAF2290965} = {B65F23E1-A999-489A-B002-BB7A2E316B07}
		{EBEF6909-BD0F-4EAA-98E9-E011C3774E19} = {B65F23E1-A999-489A-B002-BB7A2E316B07}
		{C86E54DA-9C27-4AA0-BA40-8415C001EB2C} = {B65F23E1-A999-489A-B002-BB7A2E316B07}
		{ACD48103-D5F3-4602-AFFC-44559D585657} = {95ED104D-64DD-4D61-BE17-3D3BF948E442}
		{911E7FC8-0554-4CE9-9791-F666A5BDCCFC} = {95ED104D-64DD-4D61-BE17-3D3BF948E442}
		{9091F14C-8B84-446B-8890-60278D1DF801} = {95ED104D-64DD-4D61-BE17-3D3BF948E442}
		{30219C4E-86EF-499E-9BF1-B346668A6AC4} = {95ED104D-64DD-4D61-BE17-3D3BF948E442}
		{9EBE1663-8581-429D-B7DF-B5E101D2C411} = {95ED104D-64DD-4D61-BE17-3D3BF948E442}
		{8BB27CC2-D8A8-409B-AE4F-CFE4565E16B0} = {95ED104D-64DD-4D61-BE17-3D3BF948E442}
		{0E935862-DBC9-419D-9ECB-09C31FD296E3} = {95ED104D-64DD-4D61-BE17-3D3BF948E442}
		{B189E8CE-66C0-4B18-94B5-E02395502EBA} = {19A732D5-5B84-4393-A8D4-C10FBF153304}
		{D3160F21-7028-4E92-A2A1-A65FB4F7D754} = {19A732D5-5B84-4393-A8D4-C10FBF153304}
		{E76B1B42-25CF-4D83-9D75-C805AF15113B} = {19A732D5-5B84-4393-A8D4-C10FBF153304}
		{2D7E2CDC-5806-4FC5-BAB5-0DA97BE27D1A} = {19A732D5-5B84-4393-A8D4-C10FBF153304}
		{CB004356-8B89-421E-A755-6EF00A1A8D88} = {19A732D5-5B84-4393-A8D4-C10FBF153304}
		{5E53F37A-293A-444C-AE35-F549B7E7D185} = {19A732D5-5B84-4393-A8D4-C10FBF153304}
		{E633A52D-53AD-48E0-AD61-2DF44ECD1A83} = {19A732D5-5B84-4393-A8D4-C10FBF153304}
		{FCD1D400-1E40-4D9C-BD06-E358ACAE291C} = {BF0CEC2A-CDB3-4951-9631-9E9DB307D62E}
		{E379ABCC-276D-449D-827F-A5B83BD10B29} = {BF0CEC2A-CDB3-4951-9631-9E9DB307D62E}
		{5A3D0473-B2E0-481A-8106-354092E451F5} = {B097A690-CD1C-4C32-8841-5DA29C431A8A}
		{549DFA5F-0D29-41E9-90C8-812FAEABEA96} = {B097A690-CD1C-4C32-8841-5DA29C431A8A}
		{6C24FB7A-D491-4C84-A185-977771266DF9} = {B097A690-CD1C-4C32-8841-5DA29C431A8A}
		{4268FD64-590F-416E-8EC1-D00A1C7D99CB} = {B097A690-CD1C-4C32-8841-5DA29C431A8A}
		{DE7FB84C-92E9-4961-B2D5-F73545BB8270} = {B097A690-CD1C-4C32-8841-5DA29C431A8A}
		{ECA49759-98EE-4C42-A87C-DFDB6DBE8BFA} = {B097A690-CD1C-4C32-8841-5DA29C431A8A}
		{916C1DDD-6C1E-4341-95C8-E4F667959F28} = {B097A690-CD1C-4C32-8841-5DA29C431A8A}
		{6E9D24C4-014B-4313-82A9-834734EEB5AF} = {B097A690-CD1C-4C32-8841-5DA29C431A8A}
	EndGlobalSection
EndGlobal
